lockfileVersion: 5.4

specifiers:
  dotenv: ^16.0.3
  lowdb: ^5.1.0
  moment: ^2.29.4
  openweather-apis: ^4.4.2
  ws: ^8.12.1

dependencies:
  dotenv: 16.0.3
  lowdb: 5.1.0
  moment: 2.29.4
  openweather-apis: 4.4.2
  ws: 8.12.1

packages:

  /dotenv/16.0.3:
    resolution: {integrity: sha512-7GO6HghkA5fYG9TYnNxi14/7K9f5occMlp3zXAuSxn7CKCxt9xbNWG7yF8hTCSUchlfWSe3uLmlPfigevRItzQ==}
    engines: {node: '>=12'}
    dev: false

  /lowdb/5.1.0:
    resolution: {integrity: sha512-OEysJ2S3j05RqehEypEv3h6EgdV4Y7LTq7LngRNqe1IxsInOm66/sa3fzoI6mmqs2CC+zIJW3vfncGNv2IGi3A==}
    engines: {node: '>=14.16'}
    dependencies:
      steno: 3.0.0
    dev: false

  /moment/2.29.4:
    resolution: {integrity: sha512-5LC9SOxjSc2HF6vO2CyuTDNivEdoz2IvyJJGj6X8DJ0eFyfszE0QiEd+iXmBvUP3WHxSjFH/vIsA0EN00cgr8w==}
    dev: false

  /openweather-apis/4.4.2:
    resolution: {integrity: sha512-hhmpDtG8/nC1kbfSo2rGeryORN3HY+c4GugdvsOQi22rtML0wT4MQ1kTosRv58SwFOX/9jRziWzEEvidydbvMg==}
    dev: false

  /steno/3.0.0:
    resolution: {integrity: sha512-uZtn7Ht9yXLiYgOsmo8btj4+f7VxyYheMt8g6F1ANjyqByQXEE2Gygjgenp3otHH1TlHsS4JAaRGv5wJ1wvMNw==}
    engines: {node: '>=14.16'}
    dev: false

  /ws/8.12.1:
    resolution: {integrity: sha512-1qo+M9Ba+xNhPB+YTWUlK6M17brTut5EXbcBaMRN5pH5dFrXz7lzz1ChFSUq3bOUl8yEvSenhHmYUNJxFzdJew==}
    engines: {node: '>=10.0.0'}
    peerDependencies:
      bufferutil: ^4.0.1
      utf-8-validate: '>=5.0.2'
    peerDependenciesMeta:
      bufferutil:
        optional: true
      utf-8-validate:
        optional: true
    dev: false
